
Microsoft Visual Studio Solution File, Format Version 12.00
# Visual Studio Version 17
VisualStudioVersion = 17.4.33110.190
MinimumVisualStudioVersion = 10.0.40219.1
Project("{FAE04EC0-301F-11D3-BF4B-00C04F79EFBC}") = "CAMG", "CAMG.csproj", "{432AFF64-8B60-4470-97DD-EA1B3CBBDCB0}"
EndProject
Global
	GlobalSection(SolutionConfigurationPlatforms) = preSolution
		Debug|Any CPU = Debug|Any CPU
		Release|Any CPU = Release|Any CPU
	EndGlobalSection
	GlobalSection(ProjectConfigurationPlatforms) = postSolution
		{432AFF64-8B60-4470-97DD-EA1B3CBBDCB0}.Debug|Any CPU.ActiveCfg = Debug|Any CPU
		{432AFF64-8B60-4470-97DD-EA1B3CBBDCB0}.Debug|Any CPU.Build.0 = Debug|Any CPU
		{432AFF64-8B60-4470-97DD-EA1B3CBBDCB0}.Release|Any CPU.ActiveCfg = Release|Any CPU
		{432AFF64-8B60-4470-97DD-EA1B3CBBDCB0}.Release|Any CPU.Build.0 = Release|Any CPU
	EndGlobalSection
	GlobalSection(SolutionProperties) = preSolution
		HideSolutionNode = FALSE
	EndGlobalSection
	GlobalSection(ExtensibilityGlobals) = postSolution
		SolutionGuid = {4FE175AD-A5BA-4F96-B477-9598238E8CA6}
	EndGlobalSection
EndGlobal
