
Microsoft Visual Studio Solution File, Format Version 12.00
# Visual Studio Version 17
VisualStudioVersion = 17.4.33110.190
MinimumVisualStudioVersion = 10.0.40219.1
Project("{FAE04EC0-301F-11D3-BF4B-00C04F79EFBC}") = "CAMG", "CAMG\CAMG.csproj", "{97737A4A-5624-4C92-BC31-D59368255B28}"
EndProject
Global
	GlobalSection(SolutionConfigurationPlatforms) = preSolution
		Debug|Any CPU = Debug|Any CPU
		Release|Any CPU = Release|Any CPU
	EndGlobalSection
	GlobalSection(ProjectConfigurationPlatforms) = postSolution
		{97737A4A-5624-4C92-BC31-D59368255B28}.Debug|Any CPU.ActiveCfg = Debug|Any CPU
		{97737A4A-5624-4C92-BC31-D59368255B28}.Debug|Any CPU.Build.0 = Debug|Any CPU
		{97737A4A-5624-4C92-BC31-D59368255B28}.Release|Any CPU.ActiveCfg = Release|Any CPU
		{97737A4A-5624-4C92-BC31-D59368255B28}.Release|Any CPU.Build.0 = Release|Any CPU
	EndGlobalSection
	GlobalSection(SolutionProperties) = preSolution
		HideSolutionNode = FALSE
	EndGlobalSection
	GlobalSection(ExtensibilityGlobals) = postSolution
		SolutionGuid = {79E0A998-91CC-44AA-B687-24A5F2425D70}
	EndGlobalSection
EndGlobal
